
Microsoft Visual Studio Solution File, Format Version 12.00
# Visual Studio 15
VisualStudioVersion = 15.0.28307.1062
MinimumVisualStudioVersion = 10.0.40219.1
Project("{8BC9CEB8-8B4A-11D0-8D11-00A0C91BC942}") = "watchdog", "watchdog.vcxproj", "{8CCD9DF2-DDAC-4DC0-8E99-74EB0B554D22}"
EndProject
Global
	GlobalSection(SolutionConfigurationPlatforms) = preSolution
		Debug|x64 = Debug|x64
		Debug|x86 = Debug|x86
		Release|x64 = Release|x64
		Release|x86 = Release|x86
	EndGlobalSection
	GlobalSection(ProjectConfigurationPlatforms) = postSolution
		{8CCD9DF2-DDAC-4DC0-8E99-74EB0B554D22}.Debug|x64.ActiveCfg = Debug|x64
		{8CCD9DF2-DDAC-4DC0-8E99-74EB0B554D22}.Debug|x64.Build.0 = Debug|x64
		{8CCD9DF2-DDAC-4DC0-8E99-74EB0B554D22}.Debug|x86.ActiveCfg = Debug|Win32
		{8CCD9DF2-DDAC-4DC0-8E99-74EB0B554D22}.Debug|x86.Build.0 = Debug|Win32
		{8CCD9DF2-DDAC-4DC0-8E99-74EB0B554D22}.Release|x64.ActiveCfg = Release|x64
		{8CCD9DF2-DDAC-4DC0-8E99-74EB0B554D22}.Release|x64.Build.0 = Release|x64
		{8CCD9DF2-DDAC-4DC0-8E99-74EB0B554D22}.Release|x86.ActiveCfg = Release|Win32
		{8CCD9DF2-DDAC-4DC0-8E99-74EB0B554D22}.Release|x86.Build.0 = Release|Win32
	EndGlobalSection
	GlobalSection(SolutionProperties) = preSolution
		HideSolutionNode = FALSE
	EndGlobalSection
	GlobalSection(ExtensibilityGlobals) = postSolution
		SolutionGuid = {5E6F9AAB-B5AA-4A99-8951-DC97C900B3A8}
	EndGlobalSection
EndGlobal
